
Microsoft Visual Studio Solution File, Format Version 12.00
# Visual Studio Version 16
VisualStudioVersion = 16.0.31729.503
MinimumVisualStudioVersion = 10.0.40219.1
Project("{FAE04EC0-301F-11D3-BF4B-00C04F79EFBC}") = "lab1obiektowe", "lab1obiektowe\lab1obiektowe.csproj", "{EEB9AE8A-D1CB-49E3-9A53-D3C3158A7193}"
EndProject
Global
	GlobalSection(SolutionConfigurationPlatforms) = preSolution
		Debug|Any CPU = Debug|Any CPU
		Release|Any CPU = Release|Any CPU
	EndGlobalSection
	GlobalSection(ProjectConfigurationPlatforms) = postSolution
		{EEB9AE8A-D1CB-49E3-9A53-D3C3158A7193}.Debug|Any CPU.ActiveCfg = Debug|Any CPU
		{EEB9AE8A-D1CB-49E3-9A53-D3C3158A7193}.Debug|Any CPU.Build.0 = Debug|Any CPU
		{EEB9AE8A-D1CB-49E3-9A53-D3C3158A7193}.Release|Any CPU.ActiveCfg = Release|Any CPU
		{EEB9AE8A-D1CB-49E3-9A53-D3C3158A7193}.Release|Any CPU.Build.0 = Release|Any CPU
	EndGlobalSection
	GlobalSection(SolutionProperties) = preSolution
		HideSolutionNode = FALSE
	EndGlobalSection
	GlobalSection(ExtensibilityGlobals) = postSolution
		SolutionGuid = {56CF9225-B44B-4087-BDD4-4BB895F07DA3}
	EndGlobalSection
EndGlobal
